// !$*UTF8*$!
{
	archiveVersion = 1;
	classes = {
	};
	objectVersion = 46;
	objects = {

/* Begin PBXBuildFile section */
		0C845ADEA21272B35EDA972D /* Pods_AskSeanTests.framework in Frameworks */ = {isa = PBXBuildFile; fileRef = B8788261A0B59648BCF73B08 /* Pods_AskSeanTests.framework */; };
		27E2C80E1F63D35300DE6CEC /* AppDelegate.swift in Sources */ = {isa = PBXBuildFile; fileRef = 27E2C80D1F63D35300DE6CEC /* AppDelegate.swift */; };
		27E2C8101F63D35300DE6CEC /* ViewController.swift in Sources */ = {isa = PBXBuildFile; fileRef = 27E2C80F1F63D35300DE6CEC /* ViewController.swift */; };
		27E2C8131F63D35300DE6CEC /* Main.storyboard in Resources */ = {isa = PBXBuildFile; fileRef = 27E2C8111F63D35300DE6CEC /* Main.storyboard */; };
		27E2C8161F63D35300DE6CEC /* AskSean.xcdatamodeld in Sources */ = {isa = PBXBuildFile; fileRef = 27E2C8141F63D35300DE6CEC /* AskSean.xcdatamodeld */; };
		27E2C8181F63D35300DE6CEC /* Assets.xcassets in Resources */ = {isa = PBXBuildFile; fileRef = 27E2C8171F63D35300DE6CEC /* Assets.xcassets */; };
		27E2C81B1F63D35300DE6CEC /* LaunchScreen.storyboard in Resources */ = {isa = PBXBuildFile; fileRef = 27E2C8191F63D35300DE6CEC /* LaunchScreen.storyboard */; };
		27E2C8261F63D35300DE6CEC /* AskSeanTests.swift in Sources */ = {isa = PBXBuildFile; fileRef = 27E2C8251F63D35300DE6CEC /* AskSeanTests.swift */; };
		27E2C8311F63D35300DE6CEC /* AskSeanUITests.swift in Sources */ = {isa = PBXBuildFile; fileRef = 27E2C8301F63D35300DE6CEC /* AskSeanUITests.swift */; };
		27E2C8431F64191B00DE6CEC /* Lobster-Regular.ttf in Resources */ = {isa = PBXBuildFile; fileRef = 27E2C8421F64191B00DE6CEC /* Lobster-Regular.ttf */; };
		27E2C8441F64191B00DE6CEC /* Lobster-Regular.ttf in Resources */ = {isa = PBXBuildFile; fileRef = 27E2C8421F64191B00DE6CEC /* Lobster-Regular.ttf */; };
		27E2C8451F64191B00DE6CEC /* Lobster-Regular.ttf in Resources */ = {isa = PBXBuildFile; fileRef = 27E2C8421F64191B00DE6CEC /* Lobster-Regular.ttf */; };
		27E2C8521F64231C00DE6CEC /* Roboto-Black.ttf in Resources */ = {isa = PBXBuildFile; fileRef = 27E2C8461F64231C00DE6CEC /* Roboto-Black.ttf */; };
		27E2C8531F64231C00DE6CEC /* Roboto-Black.ttf in Resources */ = {isa = PBXBuildFile; fileRef = 27E2C8461F64231C00DE6CEC /* Roboto-Black.ttf */; };
		27E2C8541F64231C00DE6CEC /* Roboto-BlackItalic.ttf in Resources */ = {isa = PBXBuildFile; fileRef = 27E2C8471F64231C00DE6CEC /* Roboto-BlackItalic.ttf */; };
		27E2C8551F64231C00DE6CEC /* Roboto-BlackItalic.ttf in Resources */ = {isa = PBXBuildFile; fileRef = 27E2C8471F64231C00DE6CEC /* Roboto-BlackItalic.ttf */; };
		27E2C8561F64231C00DE6CEC /* Roboto-Bold.ttf in Resources */ = {isa = PBXBuildFile; fileRef = 27E2C8481F64231C00DE6CEC /* Roboto-Bold.ttf */; };
		27E2C8571F64231C00DE6CEC /* Roboto-Bold.ttf in Resources */ = {isa = PBXBuildFile; fileRef = 27E2C8481F64231C00DE6CEC /* Roboto-Bold.ttf */; };
		27E2C8581F64231C00DE6CEC /* Roboto-BoldItalic.ttf in Resources */ = {isa = PBXBuildFile; fileRef = 27E2C8491F64231C00DE6CEC /* Roboto-BoldItalic.ttf */; };
		27E2C8591F64231C00DE6CEC /* Roboto-BoldItalic.ttf in Resources */ = {isa = PBXBuildFile; fileRef = 27E2C8491F64231C00DE6CEC /* Roboto-BoldItalic.ttf */; };
		27E2C85A1F64231C00DE6CEC /* Roboto-Italic.ttf in Resources */ = {isa = PBXBuildFile; fileRef = 27E2C84A1F64231C00DE6CEC /* Roboto-Italic.ttf */; };
		27E2C85B1F64231C00DE6CEC /* Roboto-Italic.ttf in Resources */ = {isa = PBXBuildFile; fileRef = 27E2C84A1F64231C00DE6CEC /* Roboto-Italic.ttf */; };
		27E2C85C1F64231C00DE6CEC /* Roboto-Light.ttf in Resources */ = {isa = PBXBuildFile; fileRef = 27E2C84B1F64231C00DE6CEC /* Roboto-Light.ttf */; };
		27E2C85D1F64231C00DE6CEC /* Roboto-Light.ttf in Resources */ = {isa = PBXBuildFile; fileRef = 27E2C84B1F64231C00DE6CEC /* Roboto-Light.ttf */; };
		27E2C85E1F64231C00DE6CEC /* Roboto-LightItalic.ttf in Resources */ = {isa = PBXBuildFile; fileRef = 27E2C84C1F64231C00DE6CEC /* Roboto-LightItalic.ttf */; };
		27E2C85F1F64231C00DE6CEC /* Roboto-LightItalic.ttf in Resources */ = {isa = PBXBuildFile; fileRef = 27E2C84C1F64231C00DE6CEC /* Roboto-LightItalic.ttf */; };
		27E2C8601F64231C00DE6CEC /* Roboto-Medium.ttf in Resources */ = {isa = PBXBuildFile; fileRef = 27E2C84D1F64231C00DE6CEC /* Roboto-Medium.ttf */; };
		27E2C8611F64231C00DE6CEC /* Roboto-Medium.ttf in Resources */ = {isa = PBXBuildFile; fileRef = 27E2C84D1F64231C00DE6CEC /* Roboto-Medium.ttf */; };
		27E2C8621F64231C00DE6CEC /* Roboto-MediumItalic.ttf in Resources */ = {isa = PBXBuildFile; fileRef = 27E2C84E1F64231C00DE6CEC /* Roboto-MediumItalic.ttf */; };
		27E2C8631F64231C00DE6CEC /* Roboto-MediumItalic.ttf in Resources */ = {isa = PBXBuildFile; fileRef = 27E2C84E1F64231C00DE6CEC /* Roboto-MediumItalic.ttf */; };
		27E2C8641F64231C00DE6CEC /* Roboto-Regular.ttf in Resources */ = {isa = PBXBuildFile; fileRef = 27E2C84F1F64231C00DE6CEC /* Roboto-Regular.ttf */; };
		27E2C8651F64231C00DE6CEC /* Roboto-Regular.ttf in Resources */ = {isa = PBXBuildFile; fileRef = 27E2C84F1F64231C00DE6CEC /* Roboto-Regular.ttf */; };
		27E2C8661F64231C00DE6CEC /* Roboto-Thin.ttf in Resources */ = {isa = PBXBuildFile; fileRef = 27E2C8501F64231C00DE6CEC /* Roboto-Thin.ttf */; };
		27E2C8671F64231C00DE6CEC /* Roboto-Thin.ttf in Resources */ = {isa = PBXBuildFile; fileRef = 27E2C8501F64231C00DE6CEC /* Roboto-Thin.ttf */; };
		27E2C8681F64231C00DE6CEC /* Roboto-ThinItalic.ttf in Resources */ = {isa = PBXBuildFile; fileRef = 27E2C8511F64231C00DE6CEC /* Roboto-ThinItalic.ttf */; };
		27E2C8691F64231C00DE6CEC /* Roboto-ThinItalic.ttf in Resources */ = {isa = PBXBuildFile; fileRef = 27E2C8511F64231C00DE6CEC /* Roboto-ThinItalic.ttf */; };
		427D83A5149F7A83F47D2BF5 /* Pods_AskSeanUITests.framework in Frameworks */ = {isa = PBXBuildFile; fileRef = 56992F7C9A1F41D085F43596 /* Pods_AskSeanUITests.framework */; };
		B4C4CA4B11942CA970987F40 /* Pods_AskSean.framework in Frameworks */ = {isa = PBXBuildFile; fileRef = A18DF9583E030C4FD9699EC8 /* Pods_AskSean.framework */; };
/* End PBXBuildFile section */

/* Begin PBXContainerItemProxy section */
		27E2C8221F63D35300DE6CEC /* PBXContainerItemProxy */ = {
			isa = PBXContainerItemProxy;
			containerPortal = 27E2C8021F63D35300DE6CEC /* Project object */;
			proxyType = 1;
			remoteGlobalIDString = 27E2C8091F63D35300DE6CEC;
			remoteInfo = AskSean;
		};
		27E2C82D1F63D35300DE6CEC /* PBXContainerItemProxy */ = {
			isa = PBXContainerItemProxy;
			containerPortal = 27E2C8021F63D35300DE6CEC /* Project object */;
			proxyType = 1;
			remoteGlobalIDString = 27E2C8091F63D35300DE6CEC;
			remoteInfo = AskSean;
		};
/* End PBXContainerItemProxy section */

/* Begin PBXFileReference section */
		07E021206A32F8A4523A0EC7 /* Pods-AskSeanTests.release.xcconfig */ = {isa = PBXFileReference; includeInIndex = 1; lastKnownFileType = text.xcconfig; name = "Pods-AskSeanTests.release.xcconfig"; path = "Pods/Target Support Files/Pods-AskSeanTests/Pods-AskSeanTests.release.xcconfig"; sourceTree = "<group>"; };
		27E2C80A1F63D35300DE6CEC /* AskSean.app */ = {isa = PBXFileReference; explicitFileType = wrapper.application; includeInIndex = 0; path = AskSean.app; sourceTree = BUILT_PRODUCTS_DIR; };
		27E2C80D1F63D35300DE6CEC /* AppDelegate.swift */ = {isa = PBXFileReference; lastKnownFileType = sourcecode.swift; path = AppDelegate.swift; sourceTree = "<group>"; };
		27E2C80F1F63D35300DE6CEC /* ViewController.swift */ = {isa = PBXFileReference; lastKnownFileType = sourcecode.swift; path = ViewController.swift; sourceTree = "<group>"; };
		27E2C8121F63D35300DE6CEC /* Base */ = {isa = PBXFileReference; lastKnownFileType = file.storyboard; name = Base; path = Base.lproj/Main.storyboard; sourceTree = "<group>"; };
		27E2C8151F63D35300DE6CEC /* AskSean.xcdatamodel */ = {isa = PBXFileReference; lastKnownFileType = wrapper.xcdatamodel; path = AskSean.xcdatamodel; sourceTree = "<group>"; };
		27E2C8171F63D35300DE6CEC /* Assets.xcassets */ = {isa = PBXFileReference; lastKnownFileType = folder.assetcatalog; path = Assets.xcassets; sourceTree = "<group>"; };
		27E2C81A1F63D35300DE6CEC /* Base */ = {isa = PBXFileReference; lastKnownFileType = file.storyboard; name = Base; path = Base.lproj/LaunchScreen.storyboard; sourceTree = "<group>"; };
		27E2C81C1F63D35300DE6CEC /* Info.plist */ = {isa = PBXFileReference; lastKnownFileType = text.plist.xml; path = Info.plist; sourceTree = "<group>"; };
		27E2C8211F63D35300DE6CEC /* AskSeanTests.xctest */ = {isa = PBXFileReference; explicitFileType = wrapper.cfbundle; includeInIndex = 0; path = AskSeanTests.xctest; sourceTree = BUILT_PRODUCTS_DIR; };
		27E2C8251F63D35300DE6CEC /* AskSeanTests.swift */ = {isa = PBXFileReference; lastKnownFileType = sourcecode.swift; path = AskSeanTests.swift; sourceTree = "<group>"; };
		27E2C8271F63D35300DE6CEC /* Info.plist */ = {isa = PBXFileReference; lastKnownFileType = text.plist.xml; path = Info.plist; sourceTree = "<group>"; };
		27E2C82C1F63D35300DE6CEC /* AskSeanUITests.xctest */ = {isa = PBXFileReference; explicitFileType = wrapper.cfbundle; includeInIndex = 0; path = AskSeanUITests.xctest; sourceTree = BUILT_PRODUCTS_DIR; };
		27E2C8301F63D35300DE6CEC /* AskSeanUITests.swift */ = {isa = PBXFileReference; lastKnownFileType = sourcecode.swift; path = AskSeanUITests.swift; sourceTree = "<group>"; };
		27E2C8321F63D35300DE6CEC /* Info.plist */ = {isa = PBXFileReference; lastKnownFileType = text.plist.xml; path = Info.plist; sourceTree = "<group>"; };
		27E2C8421F64191B00DE6CEC /* Lobster-Regular.ttf */ = {isa = PBXFileReference; lastKnownFileType = file; path = "Lobster-Regular.ttf"; sourceTree = "<group>"; };
		27E2C8461F64231C00DE6CEC /* Roboto-Black.ttf */ = {isa = PBXFileReference; lastKnownFileType = file; path = "Roboto-Black.ttf"; sourceTree = "<group>"; };
		27E2C8471F64231C00DE6CEC /* Roboto-BlackItalic.ttf */ = {isa = PBXFileReference; lastKnownFileType = file; path = "Roboto-BlackItalic.ttf"; sourceTree = "<group>"; };
		27E2C8481F64231C00DE6CEC /* Roboto-Bold.ttf */ = {isa = PBXFileReference; lastKnownFileType = file; path = "Roboto-Bold.ttf"; sourceTree = "<group>"; };
		27E2C8491F64231C00DE6CEC /* Roboto-BoldItalic.ttf */ = {isa = PBXFileReference; lastKnownFileType = file; path = "Roboto-BoldItalic.ttf"; sourceTree = "<group>"; };
		27E2C84A1F64231C00DE6CEC /* Roboto-Italic.ttf */ = {isa = PBXFileReference; lastKnownFileType = file; path = "Roboto-Italic.ttf"; sourceTree = "<group>"; };
		27E2C84B1F64231C00DE6CEC /* Roboto-Light.ttf */ = {isa = PBXFileReference; lastKnownFileType = file; path = "Roboto-Light.ttf"; sourceTree = "<group>"; };
		27E2C84C1F64231C00DE6CEC /* Roboto-LightItalic.ttf */ = {isa = PBXFileReference; lastKnownFileType = file; path = "Roboto-LightItalic.ttf"; sourceTree = "<group>"; };
		27E2C84D1F64231C00DE6CEC /* Roboto-Medium.ttf */ = {isa = PBXFileReference; lastKnownFileType = file; path = "Roboto-Medium.ttf"; sourceTree = "<group>"; };
		27E2C84E1F64231C00DE6CEC /* Roboto-MediumItalic.ttf */ = {isa = PBXFileReference; lastKnownFileType = file; path = "Roboto-MediumItalic.ttf"; sourceTree = "<group>"; };
		27E2C84F1F64231C00DE6CEC /* Roboto-Regular.ttf */ = {isa = PBXFileReference; lastKnownFileType = file; path = "Roboto-Regular.ttf"; sourceTree = "<group>"; };
		27E2C8501F64231C00DE6CEC /* Roboto-Thin.ttf */ = {isa = PBXFileReference; lastKnownFileType = file; path = "Roboto-Thin.ttf"; sourceTree = "<group>"; };
		27E2C8511F64231C00DE6CEC /* Roboto-ThinItalic.ttf */ = {isa = PBXFileReference; lastKnownFileType = file; path = "Roboto-ThinItalic.ttf"; sourceTree = "<group>"; };
		5044915591F8B9AA98C3F692 /* Pods-AskSean.release.xcconfig */ = {isa = PBXFileReference; includeInIndex = 1; lastKnownFileType = text.xcconfig; name = "Pods-AskSean.release.xcconfig"; path = "Pods/Target Support Files/Pods-AskSean/Pods-AskSean.release.xcconfig"; sourceTree = "<group>"; };
		55E17D1ABC8382342866B5E7 /* Pods-AskSeanTests.debug.xcconfig */ = {isa = PBXFileReference; includeInIndex = 1; lastKnownFileType = text.xcconfig; name = "Pods-AskSeanTests.debug.xcconfig"; path = "Pods/Target Support Files/Pods-AskSeanTests/Pods-AskSeanTests.debug.xcconfig"; sourceTree = "<group>"; };
		56992F7C9A1F41D085F43596 /* Pods_AskSeanUITests.framework */ = {isa = PBXFileReference; explicitFileType = wrapper.framework; includeInIndex = 0; path = Pods_AskSeanUITests.framework; sourceTree = BUILT_PRODUCTS_DIR; };
		A18DF9583E030C4FD9699EC8 /* Pods_AskSean.framework */ = {isa = PBXFileReference; explicitFileType = wrapper.framework; includeInIndex = 0; path = Pods_AskSean.framework; sourceTree = BUILT_PRODUCTS_DIR; };
		B8788261A0B59648BCF73B08 /* Pods_AskSeanTests.framework */ = {isa = PBXFileReference; explicitFileType = wrapper.framework; includeInIndex = 0; path = Pods_AskSeanTests.framework; sourceTree = BUILT_PRODUCTS_DIR; };
		D4FD58FA2497F8880D47DD7F /* Pods-AskSean.debug.xcconfig */ = {isa = PBXFileReference; includeInIndex = 1; lastKnownFileType = text.xcconfig; name = "Pods-AskSean.debug.xcconfig"; path = "Pods/Target Support Files/Pods-AskSean/Pods-AskSean.debug.xcconfig"; sourceTree = "<group>"; };
		E79F379C306D367C77B03880 /* Pods-AskSeanUITests.debug.xcconfig */ = {isa = PBXFileReference; includeInIndex = 1; lastKnownFileType = text.xcconfig; name = "Pods-AskSeanUITests.debug.xcconfig"; path = "Pods/Target Support Files/Pods-AskSeanUITests/Pods-AskSeanUITests.debug.xcconfig"; sourceTree = "<group>"; };
		E9FC9B65FE3270B885A05F0F /* Pods-AskSeanUITests.release.xcconfig */ = {isa = PBXFileReference; includeInIndex = 1; lastKnownFileType = text.xcconfig; name = "Pods-AskSeanUITests.release.xcconfig"; path = "Pods/Target Support Files/Pods-AskSeanUITests/Pods-AskSeanUITests.release.xcconfig"; sourceTree = "<group>"; };
/* End PBXFileReference section */

/* Begin PBXFrameworksBuildPhase section */
		27E2C8071F63D35300DE6CEC /* Frameworks */ = {
			isa = PBXFrameworksBuildPhase;
			buildActionMask = 2147483647;
			files = (
				B4C4CA4B11942CA970987F40 /* Pods_AskSean.framework in Frameworks */,
			);
			runOnlyForDeploymentPostprocessing = 0;
		};
		27E2C81E1F63D35300DE6CEC /* Frameworks */ = {
			isa = PBXFrameworksBuildPhase;
			buildActionMask = 2147483647;
			files = (
				0C845ADEA21272B35EDA972D /* Pods_AskSeanTests.framework in Frameworks */,
			);
			runOnlyForDeploymentPostprocessing = 0;
		};
		27E2C8291F63D35300DE6CEC /* Frameworks */ = {
			isa = PBXFrameworksBuildPhase;
			buildActionMask = 2147483647;
			files = (
				427D83A5149F7A83F47D2BF5 /* Pods_AskSeanUITests.framework in Frameworks */,
			);
			runOnlyForDeploymentPostprocessing = 0;
		};
/* End PBXFrameworksBuildPhase section */

/* Begin PBXGroup section */
		27E2C8011F63D35300DE6CEC = {
			isa = PBXGroup;
			children = (
				27E2C80C1F63D35300DE6CEC /* AskSean */,
				27E2C8241F63D35300DE6CEC /* AskSeanTests */,
				27E2C82F1F63D35300DE6CEC /* AskSeanUITests */,
				27E2C80B1F63D35300DE6CEC /* Products */,
				5BA76A83698BEC71785C957B /* Pods */,
				9C8530801AA7728654440539 /* Frameworks */,
			);
			sourceTree = "<group>";
		};
		27E2C80B1F63D35300DE6CEC /* Products */ = {
			isa = PBXGroup;
			children = (
				27E2C80A1F63D35300DE6CEC /* AskSean.app */,
				27E2C8211F63D35300DE6CEC /* AskSeanTests.xctest */,
				27E2C82C1F63D35300DE6CEC /* AskSeanUITests.xctest */,
			);
			name = Products;
			sourceTree = "<group>";
		};
		27E2C80C1F63D35300DE6CEC /* AskSean */ = {
			isa = PBXGroup;
			children = (
				27E2C83E1F6410CD00DE6CEC /* Resources */,
				27E2C83F1F6410E800DE6CEC /* Storyboard */,
				27E2C8401F64111200DE6CEC /* Controller */,
				27E2C81C1F63D35300DE6CEC /* Info.plist */,
				27E2C8141F63D35300DE6CEC /* AskSean.xcdatamodeld */,
			);
			path = AskSean;
			sourceTree = "<group>";
		};
		27E2C8241F63D35300DE6CEC /* AskSeanTests */ = {
			isa = PBXGroup;
			children = (
				27E2C8251F63D35300DE6CEC /* AskSeanTests.swift */,
				27E2C8271F63D35300DE6CEC /* Info.plist */,
			);
			path = AskSeanTests;
			sourceTree = "<group>";
		};
		27E2C82F1F63D35300DE6CEC /* AskSeanUITests */ = {
			isa = PBXGroup;
			children = (
				27E2C8301F63D35300DE6CEC /* AskSeanUITests.swift */,
				27E2C8321F63D35300DE6CEC /* Info.plist */,
			);
			path = AskSeanUITests;
			sourceTree = "<group>";
		};
		27E2C83E1F6410CD00DE6CEC /* Resources */ = {
			isa = PBXGroup;
			children = (
				27E2C8171F63D35300DE6CEC /* Assets.xcassets */,
				27E2C8411F6418F100DE6CEC /* CustomFont */,
			);
			name = Resources;
			sourceTree = "<group>";
		};
		27E2C83F1F6410E800DE6CEC /* Storyboard */ = {
			isa = PBXGroup;
			children = (
				27E2C8111F63D35300DE6CEC /* Main.storyboard */,
				27E2C8191F63D35300DE6CEC /* LaunchScreen.storyboard */,
			);
			name = Storyboard;
			sourceTree = "<group>";
		};
		27E2C8401F64111200DE6CEC /* Controller */ = {
			isa = PBXGroup;
			children = (
				27E2C80D1F63D35300DE6CEC /* AppDelegate.swift */,
				27E2C80F1F63D35300DE6CEC /* ViewController.swift */,
			);
			name = Controller;
			sourceTree = "<group>";
		};
		27E2C8411F6418F100DE6CEC /* CustomFont */ = {
			isa = PBXGroup;
			children = (
				27E2C8421F64191B00DE6CEC /* Lobster-Regular.ttf */,
				27E2C8461F64231C00DE6CEC /* Roboto-Black.ttf */,
				27E2C8471F64231C00DE6CEC /* Roboto-BlackItalic.ttf */,
				27E2C8481F64231C00DE6CEC /* Roboto-Bold.ttf */,
				27E2C8491F64231C00DE6CEC /* Roboto-BoldItalic.ttf */,
				27E2C84A1F64231C00DE6CEC /* Roboto-Italic.ttf */,
				27E2C84B1F64231C00DE6CEC /* Roboto-Light.ttf */,
				27E2C84C1F64231C00DE6CEC /* Roboto-LightItalic.ttf */,
				27E2C84D1F64231C00DE6CEC /* Roboto-Medium.ttf */,
				27E2C84E1F64231C00DE6CEC /* Roboto-MediumItalic.ttf */,
				27E2C84F1F64231C00DE6CEC /* Roboto-Regular.ttf */,
				27E2C8501F64231C00DE6CEC /* Roboto-Thin.ttf */,
				27E2C8511F64231C00DE6CEC /* Roboto-ThinItalic.ttf */,
			);
			name = CustomFont;
			sourceTree = "<group>";
		};
		5BA76A83698BEC71785C957B /* Pods */ = {
			isa = PBXGroup;
			children = (
				D4FD58FA2497F8880D47DD7F /* Pods-AskSean.debug.xcconfig */,
				5044915591F8B9AA98C3F692 /* Pods-AskSean.release.xcconfig */,
				55E17D1ABC8382342866B5E7 /* Pods-AskSeanTests.debug.xcconfig */,
				07E021206A32F8A4523A0EC7 /* Pods-AskSeanTests.release.xcconfig */,
				E79F379C306D367C77B03880 /* Pods-AskSeanUITests.debug.xcconfig */,
				E9FC9B65FE3270B885A05F0F /* Pods-AskSeanUITests.release.xcconfig */,
			);
			name = Pods;
			sourceTree = "<group>";
		};
		9C8530801AA7728654440539 /* Frameworks */ = {
			isa = PBXGroup;
			children = (
				A18DF9583E030C4FD9699EC8 /* Pods_AskSean.framework */,
				B8788261A0B59648BCF73B08 /* Pods_AskSeanTests.framework */,
				56992F7C9A1F41D085F43596 /* Pods_AskSeanUITests.framework */,
			);
			name = Frameworks;
			sourceTree = "<group>";
		};
/* End PBXGroup section */

/* Begin PBXNativeTarget section */
		27E2C8091F63D35300DE6CEC /* AskSean */ = {
			isa = PBXNativeTarget;
			buildConfigurationList = 27E2C8351F63D35300DE6CEC /* Build configuration list for PBXNativeTarget "AskSean" */;
			buildPhases = (
				1A8C258BA7B0EC730F91A994 /* [CP] Check Pods Manifest.lock */,
				27E2C8061F63D35300DE6CEC /* Sources */,
				27E2C8071F63D35300DE6CEC /* Frameworks */,
				27E2C8081F63D35300DE6CEC /* Resources */,
				DAED929479C3AE6B4080099C /* [CP] Embed Pods Frameworks */,
				26DC9EB626024E88EF03A8B2 /* [CP] Copy Pods Resources */,
			);
			buildRules = (
			);
			dependencies = (
			);
			name = AskSean;
			productName = AskSean;
			productReference = 27E2C80A1F63D35300DE6CEC /* AskSean.app */;
			productType = "com.apple.product-type.application";
		};
		27E2C8201F63D35300DE6CEC /* AskSeanTests */ = {
			isa = PBXNativeTarget;
			buildConfigurationList = 27E2C8381F63D35300DE6CEC /* Build configuration list for PBXNativeTarget "AskSeanTests" */;
			buildPhases = (
				20DD0C076F79F25C7C874DC3 /* [CP] Check Pods Manifest.lock */,
				27E2C81D1F63D35300DE6CEC /* Sources */,
				27E2C81E1F63D35300DE6CEC /* Frameworks */,
				27E2C81F1F63D35300DE6CEC /* Resources */,
				147CD30E2F48A4094417BF2F /* [CP] Embed Pods Frameworks */,
				42D8C1E71BA15579CF35EC3F /* [CP] Copy Pods Resources */,
			);
			buildRules = (
			);
			dependencies = (
				27E2C8231F63D35300DE6CEC /* PBXTargetDependency */,
			);
			name = AskSeanTests;
			productName = AskSeanTests;
			productReference = 27E2C8211F63D35300DE6CEC /* AskSeanTests.xctest */;
			productType = "com.apple.product-type.bundle.unit-test";
		};
		27E2C82B1F63D35300DE6CEC /* AskSeanUITests */ = {
			isa = PBXNativeTarget;
			buildConfigurationList = 27E2C83B1F63D35300DE6CEC /* Build configuration list for PBXNativeTarget "AskSeanUITests" */;
			buildPhases = (
				F8C10979A1760B9DBC55E029 /* [CP] Check Pods Manifest.lock */,
				27E2C8281F63D35300DE6CEC /* Sources */,
				27E2C8291F63D35300DE6CEC /* Frameworks */,
				27E2C82A1F63D35300DE6CEC /* Resources */,
				A888E7E1249EE16A12281E4D /* [CP] Embed Pods Frameworks */,
				C6E7A3E375E69CA982A293A8 /* [CP] Copy Pods Resources */,
			);
			buildRules = (
			);
			dependencies = (
				27E2C82E1F63D35300DE6CEC /* PBXTargetDependency */,
			);
			name = AskSeanUITests;
			productName = AskSeanUITests;
			productReference = 27E2C82C1F63D35300DE6CEC /* AskSeanUITests.xctest */;
			productType = "com.apple.product-type.bundle.ui-testing";
		};
/* End PBXNativeTarget section */

/* Begin PBXProject section */
		27E2C8021F63D35300DE6CEC /* Project object */ = {
			isa = PBXProject;
			attributes = {
				LastSwiftUpdateCheck = 0830;
				LastUpgradeCheck = 0830;
				ORGANIZATIONNAME = "augustius cokroe";
				TargetAttributes = {
					27E2C8091F63D35300DE6CEC = {
						CreatedOnToolsVersion = 8.3.3;
						DevelopmentTeam = H63JK63G6G;
						ProvisioningStyle = Automatic;
					};
					27E2C8201F63D35300DE6CEC = {
						CreatedOnToolsVersion = 8.3.3;
						DevelopmentTeam = H63JK63G6G;
						ProvisioningStyle = Automatic;
						TestTargetID = 27E2C8091F63D35300DE6CEC;
					};
					27E2C82B1F63D35300DE6CEC = {
						CreatedOnToolsVersion = 8.3.3;
						DevelopmentTeam = H63JK63G6G;
						ProvisioningStyle = Automatic;
						TestTargetID = 27E2C8091F63D35300DE6CEC;
					};
				};
			};
			buildConfigurationList = 27E2C8051F63D35300DE6CEC /* Build configuration list for PBXProject "AskSean" */;
			compatibilityVersion = "Xcode 3.2";
			developmentRegion = English;
			hasScannedForEncodings = 0;
			knownRegions = (
				en,
				Base,
			);
			mainGroup = 27E2C8011F63D35300DE6CEC;
			productRefGroup = 27E2C80B1F63D35300DE6CEC /* Products */;
			projectDirPath = "";
			projectRoot = "";
			targets = (
				27E2C8091F63D35300DE6CEC /* AskSean */,
				27E2C8201F63D35300DE6CEC /* AskSeanTests */,
				27E2C82B1F63D35300DE6CEC /* AskSeanUITests */,
			);
		};
/* End PBXProject section */

/* Begin PBXResourcesBuildPhase section */
		27E2C8081F63D35300DE6CEC /* Resources */ = {
			isa = PBXResourcesBuildPhase;
			buildActionMask = 2147483647;
			files = (
				27E2C8561F64231C00DE6CEC /* Roboto-Bold.ttf in Resources */,
				27E2C85E1F64231C00DE6CEC /* Roboto-LightItalic.ttf in Resources */,
				27E2C8621F64231C00DE6CEC /* Roboto-MediumItalic.ttf in Resources */,
				27E2C85A1F64231C00DE6CEC /* Roboto-Italic.ttf in Resources */,
				27E2C85C1F64231C00DE6CEC /* Roboto-Light.ttf in Resources */,
				27E2C81B1F63D35300DE6CEC /* LaunchScreen.storyboard in Resources */,
				27E2C8581F64231C00DE6CEC /* Roboto-BoldItalic.ttf in Resources */,
				27E2C8541F64231C00DE6CEC /* Roboto-BlackItalic.ttf in Resources */,
				27E2C8661F64231C00DE6CEC /* Roboto-Thin.ttf in Resources */,
				27E2C8641F64231C00DE6CEC /* Roboto-Regular.ttf in Resources */,
				27E2C8431F64191B00DE6CEC /* Lobster-Regular.ttf in Resources */,
				27E2C8601F64231C00DE6CEC /* Roboto-Medium.ttf in Resources */,
				27E2C8681F64231C00DE6CEC /* Roboto-ThinItalic.ttf in Resources */,
				27E2C8521F64231C00DE6CEC /* Roboto-Black.ttf in Resources */,
				27E2C8181F63D35300DE6CEC /* Assets.xcassets in Resources */,
				27E2C8131F63D35300DE6CEC /* Main.storyboard in Resources */,
			);
			runOnlyForDeploymentPostprocessing = 0;
		};
		27E2C81F1F63D35300DE6CEC /* Resources */ = {
			isa = PBXResourcesBuildPhase;
			buildActionMask = 2147483647;
			files = (
				27E2C8441F64191B00DE6CEC /* Lobster-Regular.ttf in Resources */,
				27E2C8651F64231C00DE6CEC /* Roboto-Regular.ttf in Resources */,
				27E2C85B1F64231C00DE6CEC /* Roboto-Italic.ttf in Resources */,
				27E2C85F1F64231C00DE6CEC /* Roboto-LightItalic.ttf in Resources */,
				27E2C8551F64231C00DE6CEC /* Roboto-BlackItalic.ttf in Resources */,
				27E2C8571F64231C00DE6CEC /* Roboto-Bold.ttf in Resources */,
				27E2C85D1F64231C00DE6CEC /* Roboto-Light.ttf in Resources */,
				27E2C8631F64231C00DE6CEC /* Roboto-MediumItalic.ttf in Resources */,
				27E2C8671F64231C00DE6CEC /* Roboto-Thin.ttf in Resources */,
				27E2C8591F64231C00DE6CEC /* Roboto-BoldItalic.ttf in Resources */,
				27E2C8531F64231C00DE6CEC /* Roboto-Black.ttf in Resources */,
				27E2C8611F64231C00DE6CEC /* Roboto-Medium.ttf in Resources */,
				27E2C8691F64231C00DE6CEC /* Roboto-ThinItalic.ttf in Resources */,
			);
			runOnlyForDeploymentPostprocessing = 0;
		};
		27E2C82A1F63D35300DE6CEC /* Resources */ = {
			isa = PBXResourcesBuildPhase;
			buildActionMask = 2147483647;
			files = (
				27E2C8451F64191B00DE6CEC /* Lobster-Regular.ttf in Resources */,
			);
			runOnlyForDeploymentPostprocessing = 0;
		};
/* End PBXResourcesBuildPhase section */

/* Begin PBXShellScriptBuildPhase section */
		147CD30E2F48A4094417BF2F /* [CP] Embed Pods Frameworks */ = {
			isa = PBXShellScriptBuildPhase;
			buildActionMask = 2147483647;
			files = (
			);
			inputPaths = (
			);
			name = "[CP] Embed Pods Frameworks";
			outputPaths = (
			);
			runOnlyForDeploymentPostprocessing = 0;
			shellPath = /bin/sh;
			shellScript = "\"${SRCROOT}/Pods/Target Support Files/Pods-AskSeanTests/Pods-AskSeanTests-frameworks.sh\"\n";
			showEnvVarsInLog = 0;
		};
		1A8C258BA7B0EC730F91A994 /* [CP] Check Pods Manifest.lock */ = {
			isa = PBXShellScriptBuildPhase;
			buildActionMask = 2147483647;
			files = (
			);
			inputPaths = (
				"${PODS_PODFILE_DIR_PATH}/Podfile.lock",
				"${PODS_ROOT}/Manifest.lock",
			);
			name = "[CP] Check Pods Manifest.lock";
			outputPaths = (
				"$(DERIVED_FILE_DIR)/Pods-AskSean-checkManifestLockResult.txt",
			);
			runOnlyForDeploymentPostprocessing = 0;
			shellPath = /bin/sh;
			shellScript = "diff \"${PODS_PODFILE_DIR_PATH}/Podfile.lock\" \"${PODS_ROOT}/Manifest.lock\" > /dev/null\nif [ $? != 0 ] ; then\n    # print error to STDERR\n    echo \"error: The sandbox is not in sync with the Podfile.lock. Run 'pod install' or update your CocoaPods installation.\" >&2\n    exit 1\nfi\n# This output is used by Xcode 'outputs' to avoid re-running this script phase.\necho \"SUCCESS\" > \"${SCRIPT_OUTPUT_FILE_0}\"\n";
			showEnvVarsInLog = 0;
		};
		20DD0C076F79F25C7C874DC3 /* [CP] Check Pods Manifest.lock */ = {
			isa = PBXShellScriptBuildPhase;
			buildActionMask = 2147483647;
			files = (
			);
			inputPaths = (
				"${PODS_PODFILE_DIR_PATH}/Podfile.lock",
				"${PODS_ROOT}/Manifest.lock",
			);
			name = "[CP] Check Pods Manifest.lock";
			outputPaths = (
				"$(DERIVED_FILE_DIR)/Pods-AskSeanTests-checkManifestLockResult.txt",
			);
			runOnlyForDeploymentPostprocessing = 0;
			shellPath = /bin/sh;
			shellScript = "diff \"${PODS_PODFILE_DIR_PATH}/Podfile.lock\" \"${PODS_ROOT}/Manifest.lock\" > /dev/null\nif [ $? != 0 ] ; then\n    # print error to STDERR\n    echo \"error: The sandbox is not in sync with the Podfile.lock. Run 'pod install' or update your CocoaPods installation.\" >&2\n    exit 1\nfi\n# This output is used by Xcode 'outputs' to avoid re-running this script phase.\necho \"SUCCESS\" > \"${SCRIPT_OUTPUT_FILE_0}\"\n";
			showEnvVarsInLog = 0;
		};
		26DC9EB626024E88EF03A8B2 /* [CP] Copy Pods Resources */ = {
			isa = PBXShellScriptBuildPhase;
			buildActionMask = 2147483647;
			files = (
			);
			inputPaths = (
			);
			name = "[CP] Copy Pods Resources";
			outputPaths = (
			);
			runOnlyForDeploymentPostprocessing = 0;
			shellPath = /bin/sh;
			shellScript = "\"${SRCROOT}/Pods/Target Support Files/Pods-AskSean/Pods-AskSean-resources.sh\"\n";
			showEnvVarsInLog = 0;
		};
		42D8C1E71BA15579CF35EC3F /* [CP] Copy Pods Resources */ = {
			isa = PBXShellScriptBuildPhase;
			buildActionMask = 2147483647;
			files = (
			);
			inputPaths = (
			);
			name = "[CP] Copy Pods Resources";
			outputPaths = (
			);
			runOnlyForDeploymentPostprocessing = 0;
			shellPath = /bin/sh;
			shellScript = "\"${SRCROOT}/Pods/Target Support Files/Pods-AskSeanTests/Pods-AskSeanTests-resources.sh\"\n";
			showEnvVarsInLog = 0;
		};
		A888E7E1249EE16A12281E4D /* [CP] Embed Pods Frameworks */ = {
			isa = PBXShellScriptBuildPhase;
			buildActionMask = 2147483647;
			files = (
			);
			inputPaths = (
			);
			name = "[CP] Embed Pods Frameworks";
			outputPaths = (
			);
			runOnlyForDeploymentPostprocessing = 0;
			shellPath = /bin/sh;
			shellScript = "\"${SRCROOT}/Pods/Target Support Files/Pods-AskSeanUITests/Pods-AskSeanUITests-frameworks.sh\"\n";
			showEnvVarsInLog = 0;
		};
		C6E7A3E375E69CA982A293A8 /* [CP] Copy Pods Resources */ = {
			isa = PBXShellScriptBuildPhase;
			buildActionMask = 2147483647;
			files = (
			);
			inputPaths = (
			);
			name = "[CP] Copy Pods Resources";
			outputPaths = (
			);
			runOnlyForDeploymentPostprocessing = 0;
			shellPath = /bin/sh;
			shellScript = "\"${SRCROOT}/Pods/Target Support Files/Pods-AskSeanUITests/Pods-AskSeanUITests-resources.sh\"\n";
			showEnvVarsInLog = 0;
		};
		DAED929479C3AE6B4080099C /* [CP] Embed Pods Frameworks */ = {
			isa = PBXShellScriptBuildPhase;
			buildActionMask = 2147483647;
			files = (
			);
			inputPaths = (
				"${SRCROOT}/Pods/Target Support Files/Pods-AskSean/Pods-AskSean-frameworks.sh",
				"${BUILT_PRODUCTS_DIR}/Spring/Spring.framework",
			);
			name = "[CP] Embed Pods Frameworks";
			outputPaths = (
				"${TARGET_BUILD_DIR}/${FRAMEWORKS_FOLDER_PATH}/Spring.framework",
			);
			runOnlyForDeploymentPostprocessing = 0;
			shellPath = /bin/sh;
			shellScript = "\"${SRCROOT}/Pods/Target Support Files/Pods-AskSean/Pods-AskSean-frameworks.sh\"\n";
			showEnvVarsInLog = 0;
		};
		F8C10979A1760B9DBC55E029 /* [CP] Check Pods Manifest.lock */ = {
			isa = PBXShellScriptBuildPhase;
			buildActionMask = 2147483647;
			files = (
			);
			inputPaths = (
				"${PODS_PODFILE_DIR_PATH}/Podfile.lock",
				"${PODS_ROOT}/Manifest.lock",
			);
			name = "[CP] Check Pods Manifest.lock";
			outputPaths = (
				"$(DERIVED_FILE_DIR)/Pods-AskSeanUITests-checkManifestLockResult.txt",
			);
			runOnlyForDeploymentPostprocessing = 0;
			shellPath = /bin/sh;
			shellScript = "diff \"${PODS_PODFILE_DIR_PATH}/Podfile.lock\" \"${PODS_ROOT}/Manifest.lock\" > /dev/null\nif [ $? != 0 ] ; then\n    # print error to STDERR\n    echo \"error: The sandbox is not in sync with the Podfile.lock. Run 'pod install' or update your CocoaPods installation.\" >&2\n    exit 1\nfi\n# This output is used by Xcode 'outputs' to avoid re-running this script phase.\necho \"SUCCESS\" > \"${SCRIPT_OUTPUT_FILE_0}\"\n";
			showEnvVarsInLog = 0;
		};
/* End PBXShellScriptBuildPhase section */

/* Begin PBXSourcesBuildPhase section */
		27E2C8061F63D35300DE6CEC /* Sources */ = {
			isa = PBXSourcesBuildPhase;
			buildActionMask = 2147483647;
			files = (
				27E2C8101F63D35300DE6CEC /* ViewController.swift in Sources */,
				27E2C8161F63D35300DE6CEC /* AskSean.xcdatamodeld in Sources */,
				27E2C80E1F63D35300DE6CEC /* AppDelegate.swift in Sources */,
			);
			runOnlyForDeploymentPostprocessing = 0;
		};
		27E2C81D1F63D35300DE6CEC /* Sources */ = {
			isa = PBXSourcesBuildPhase;
			buildActionMask = 2147483647;
			files = (
				27E2C8261F63D35300DE6CEC /* AskSeanTests.swift in Sources */,
			);
			runOnlyForDeploymentPostprocessing = 0;
		};
		27E2C8281F63D35300DE6CEC /* Sources */ = {
			isa = PBXSourcesBuildPhase;
			buildActionMask = 2147483647;
			files = (
				27E2C8311F63D35300DE6CEC /* AskSeanUITests.swift in Sources */,
			);
			runOnlyForDeploymentPostprocessing = 0;
		};
/* End PBXSourcesBuildPhase section */

/* Begin PBXTargetDependency section */
		27E2C8231F63D35300DE6CEC /* PBXTargetDependency */ = {
			isa = PBXTargetDependency;
			target = 27E2C8091F63D35300DE6CEC /* AskSean */;
			targetProxy = 27E2C8221F63D35300DE6CEC /* PBXContainerItemProxy */;
		};
		27E2C82E1F63D35300DE6CEC /* PBXTargetDependency */ = {
			isa = PBXTargetDependency;
			target = 27E2C8091F63D35300DE6CEC /* AskSean */;
			targetProxy = 27E2C82D1F63D35300DE6CEC /* PBXContainerItemProxy */;
		};
/* End PBXTargetDependency section */

/* Begin PBXVariantGroup section */
		27E2C8111F63D35300DE6CEC /* Main.storyboard */ = {
			isa = PBXVariantGroup;
			children = (
				27E2C8121F63D35300DE6CEC /* Base */,
			);
			name = Main.storyboard;
			sourceTree = "<group>";
		};
		27E2C8191F63D35300DE6CEC /* LaunchScreen.storyboard */ = {
			isa = PBXVariantGroup;
			children = (
				27E2C81A1F63D35300DE6CEC /* Base */,
			);
			name = LaunchScreen.storyboard;
			sourceTree = "<group>";
		};
/* End PBXVariantGroup section */

/* Begin XCBuildConfiguration section */
		27E2C8331F63D35300DE6CEC /* Debug */ = {
			isa = XCBuildConfiguration;
			buildSettings = {
				ALWAYS_SEARCH_USER_PATHS = NO;
				CLANG_ANALYZER_NONNULL = YES;
				CLANG_ANALYZER_NUMBER_OBJECT_CONVERSION = YES_AGGRESSIVE;
				CLANG_CXX_LANGUAGE_STANDARD = "gnu++0x";
				CLANG_CXX_LIBRARY = "libc++";
				CLANG_ENABLE_MODULES = YES;
				CLANG_ENABLE_OBJC_ARC = YES;
				CLANG_WARN_BOOL_CONVERSION = YES;
				CLANG_WARN_CONSTANT_CONVERSION = YES;
				CLANG_WARN_DIRECT_OBJC_ISA_USAGE = YES_ERROR;
				CLANG_WARN_DOCUMENTATION_COMMENTS = YES;
				CLANG_WARN_EMPTY_BODY = YES;
				CLANG_WARN_ENUM_CONVERSION = YES;
				CLANG_WARN_INFINITE_RECURSION = YES;
				CLANG_WARN_INT_CONVERSION = YES;
				CLANG_WARN_OBJC_ROOT_CLASS = YES_ERROR;
				CLANG_WARN_SUSPICIOUS_MOVE = YES;
				CLANG_WARN_UNREACHABLE_CODE = YES;
				CLANG_WARN__DUPLICATE_METHOD_MATCH = YES;
				"CODE_SIGN_IDENTITY[sdk=iphoneos*]" = "iPhone Developer";
				COPY_PHASE_STRIP = NO;
				DEBUG_INFORMATION_FORMAT = dwarf;
				ENABLE_STRICT_OBJC_MSGSEND = YES;
				ENABLE_TESTABILITY = YES;
				GCC_C_LANGUAGE_STANDARD = gnu99;
				GCC_DYNAMIC_NO_PIC = NO;
				GCC_NO_COMMON_BLOCKS = YES;
				GCC_OPTIMIZATION_LEVEL = 0;
				GCC_PREPROCESSOR_DEFINITIONS = (
					"DEBUG=1",
					"$(inherited)",
				);
				GCC_WARN_64_TO_32_BIT_CONVERSION = YES;
				GCC_WARN_ABOUT_RETURN_TYPE = YES_ERROR;
				GCC_WARN_UNDECLARED_SELECTOR = YES;
				GCC_WARN_UNINITIALIZED_AUTOS = YES_AGGRESSIVE;
				GCC_WARN_UNUSED_FUNCTION = YES;
				GCC_WARN_UNUSED_VARIABLE = YES;
				IPHONEOS_DEPLOYMENT_TARGET = 10.3;
				MTL_ENABLE_DEBUG_INFO = YES;
				ONLY_ACTIVE_ARCH = YES;
				SDKROOT = iphoneos;
				SWIFT_ACTIVE_COMPILATION_CONDITIONS = DEBUG;
				SWIFT_OPTIMIZATION_LEVEL = "-Onone";
			};
			name = Debug;
		};
		27E2C8341F63D35300DE6CEC /* Release */ = {
			isa = XCBuildConfiguration;
			buildSettings = {
				ALWAYS_SEARCH_USER_PATHS = NO;
				CLANG_ANALYZER_NONNULL = YES;
				CLANG_ANALYZER_NUMBER_OBJECT_CONVERSION = YES_AGGRESSIVE;
				CLANG_CXX_LANGUAGE_STANDARD = "gnu++0x";
				CLANG_CXX_LIBRARY = "libc++";
				CLANG_ENABLE_MODULES = YES;
				CLANG_ENABLE_OBJC_ARC = YES;
				CLANG_WARN_BOOL_CONVERSION = YES;
				CLANG_WARN_CONSTANT_CONVERSION = YES;
				CLANG_WARN_DIRECT_OBJC_ISA_USAGE = YES_ERROR;
				CLANG_WARN_DOCUMENTATION_COMMENTS = YES;
				CLANG_WARN_EMPTY_BODY = YES;
				CLANG_WARN_ENUM_CONVERSION = YES;
				CLANG_WARN_INFINITE_RECURSION = YES;
				CLANG_WARN_INT_CONVERSION = YES;
				CLANG_WARN_OBJC_ROOT_CLASS = YES_ERROR;
				CLANG_WARN_SUSPICIOUS_MOVE = YES;
				CLANG_WARN_UNREACHABLE_CODE = YES;
				CLANG_WARN__DUPLICATE_METHOD_MATCH = YES;
				"CODE_SIGN_IDENTITY[sdk=iphoneos*]" = "iPhone Developer";
				COPY_PHASE_STRIP = NO;
				DEBUG_INFORMATION_FORMAT = "dwarf-with-dsym";
				ENABLE_NS_ASSERTIONS = NO;
				ENABLE_STRICT_OBJC_MSGSEND = YES;
				GCC_C_LANGUAGE_STANDARD = gnu99;
				GCC_NO_COMMON_BLOCKS = YES;
				GCC_WARN_64_TO_32_BIT_CONVERSION = YES;
				GCC_WARN_ABOUT_RETURN_TYPE = YES_ERROR;
				GCC_WARN_UNDECLARED_SELECTOR = YES;
				GCC_WARN_UNINITIALIZED_AUTOS = YES_AGGRESSIVE;
				GCC_WARN_UNUSED_FUNCTION = YES;
				GCC_WARN_UNUSED_VARIABLE = YES;
				IPHONEOS_DEPLOYMENT_TARGET = 10.3;
				MTL_ENABLE_DEBUG_INFO = NO;
				SDKROOT = iphoneos;
				SWIFT_OPTIMIZATION_LEVEL = "-Owholemodule";
				VALIDATE_PRODUCT = YES;
			};
			name = Release;
		};
		27E2C8361F63D35300DE6CEC /* Debug */ = {
			isa = XCBuildConfiguration;
			baseConfigurationReference = D4FD58FA2497F8880D47DD7F /* Pods-AskSean.debug.xcconfig */;
			buildSettings = {
				ASSETCATALOG_COMPILER_APPICON_NAME = AppIcon;
				DEVELOPMENT_TEAM = H63JK63G6G;
				INFOPLIST_FILE = AskSean/Info.plist;
				LD_RUNPATH_SEARCH_PATHS = "$(inherited) @executable_path/Frameworks";
				PRODUCT_BUNDLE_IDENTIFIER = com.augustius.AskSean;
				PRODUCT_NAME = "$(TARGET_NAME)";
				SWIFT_VERSION = 3.0;
			};
			name = Debug;
		};
		27E2C8371F63D35300DE6CEC /* Release */ = {
			isa = XCBuildConfiguration;
			baseConfigurationReference = 5044915591F8B9AA98C3F692 /* Pods-AskSean.release.xcconfig */;
			buildSettings = {
				ASSETCATALOG_COMPILER_APPICON_NAME = AppIcon;
				DEVELOPMENT_TEAM = H63JK63G6G;
				INFOPLIST_FILE = AskSean/Info.plist;
				LD_RUNPATH_SEARCH_PATHS = "$(inherited) @executable_path/Frameworks";
				PRODUCT_BUNDLE_IDENTIFIER = com.augustius.AskSean;
				PRODUCT_NAME = "$(TARGET_NAME)";
				SWIFT_VERSION = 3.0;
			};
			name = Release;
		};
		27E2C8391F63D35300DE6CEC /* Debug */ = {
			isa = XCBuildConfiguration;
			baseConfigurationReference = 55E17D1ABC8382342866B5E7 /* Pods-AskSeanTests.debug.xcconfig */;
			buildSettings = {
				ALWAYS_EMBED_SWIFT_STANDARD_LIBRARIES = YES;
				BUNDLE_LOADER = "$(TEST_HOST)";
				DEVELOPMENT_TEAM = H63JK63G6G;
				INFOPLIST_FILE = AskSeanTests/Info.plist;
				LD_RUNPATH_SEARCH_PATHS = "$(inherited) @executable_path/Frameworks @loader_path/Frameworks";
				PRODUCT_BUNDLE_IDENTIFIER = com.augustius.AskSeanTests;
				PRODUCT_NAME = "$(TARGET_NAME)";
				SWIFT_VERSION = 3.0;
				TEST_HOST = "$(BUILT_PRODUCTS_DIR)/AskSean.app/AskSean";
			};
			name = Debug;
		};
		27E2C83A1F63D35300DE6CEC /* Release */ = {
			isa = XCBuildConfiguration;
			baseConfigurationReference = 07E021206A32F8A4523A0EC7 /* Pods-AskSeanTests.release.xcconfig */;
			buildSettings = {
				ALWAYS_EMBED_SWIFT_STANDARD_LIBRARIES = YES;
				BUNDLE_LOADER = "$(TEST_HOST)";
				DEVELOPMENT_TEAM = H63JK63G6G;
				INFOPLIST_FILE = AskSeanTests/Info.plist;
				LD_RUNPATH_SEARCH_PATHS = "$(inherited) @executable_path/Frameworks @loader_path/Frameworks";
				PRODUCT_BUNDLE_IDENTIFIER = com.augustius.AskSeanTests;
				PRODUCT_NAME = "$(TARGET_NAME)";
				SWIFT_VERSION = 3.0;
				TEST_HOST = "$(BUILT_PRODUCTS_DIR)/AskSean.app/AskSean";
			};
			name = Release;
		};
		27E2C83C1F63D35300DE6CEC /* Debug */ = {
			isa = XCBuildConfiguration;
			baseConfigurationReference = E79F379C306D367C77B03880 /* Pods-AskSeanUITests.debug.xcconfig */;
			buildSettings = {
				ALWAYS_EMBED_SWIFT_STANDARD_LIBRARIES = YES;
				DEVELOPMENT_TEAM = H63JK63G6G;
				INFOPLIST_FILE = AskSeanUITests/Info.plist;
				LD_RUNPATH_SEARCH_PATHS = "$(inherited) @executable_path/Frameworks @loader_path/Frameworks";
				PRODUCT_BUNDLE_IDENTIFIER = com.augustius.AskSeanUITests;
				PRODUCT_NAME = "$(TARGET_NAME)";
				SWIFT_VERSION = 3.0;
				TEST_TARGET_NAME = AskSean;
			};
			name = Debug;
		};
		27E2C83D1F63D35300DE6CEC /* Release */ = {
			isa = XCBuildConfiguration;
			baseConfigurationReference = E9FC9B65FE3270B885A05F0F /* Pods-AskSeanUITests.release.xcconfig */;
			buildSettings = {
				ALWAYS_EMBED_SWIFT_STANDARD_LIBRARIES = YES;
				DEVELOPMENT_TEAM = H63JK63G6G;
				INFOPLIST_FILE = AskSeanUITests/Info.plist;
				LD_RUNPATH_SEARCH_PATHS = "$(inherited) @executable_path/Frameworks @loader_path/Frameworks";
				PRODUCT_BUNDLE_IDENTIFIER = com.augustius.AskSeanUITests;
				PRODUCT_NAME = "$(TARGET_NAME)";
				SWIFT_VERSION = 3.0;
				TEST_TARGET_NAME = AskSean;
			};
			name = Release;
		};
/* End XCBuildConfiguration section */

/* Begin XCConfigurationList section */
		27E2C8051F63D35300DE6CEC /* Build configuration list for PBXProject "AskSean" */ = {
			isa = XCConfigurationList;
			buildConfigurations = (
				27E2C8331F63D35300DE6CEC /* Debug */,
				27E2C8341F63D35300DE6CEC /* Release */,
			);
			defaultConfigurationIsVisible = 0;
			defaultConfigurationName = Release;
		};
		27E2C8351F63D35300DE6CEC /* Build configuration list for PBXNativeTarget "AskSean" */ = {
			isa = XCConfigurationList;
			buildConfigurations = (
				27E2C8361F63D35300DE6CEC /* Debug */,
				27E2C8371F63D35300DE6CEC /* Release */,
			);
			defaultConfigurationIsVisible = 0;
			defaultConfigurationName = Release;
		};
		27E2C8381F63D35300DE6CEC /* Build configuration list for PBXNativeTarget "AskSeanTests" */ = {
			isa = XCConfigurationList;
			buildConfigurations = (
				27E2C8391F63D35300DE6CEC /* Debug */,
				27E2C83A1F63D35300DE6CEC /* Release */,
			);
			defaultConfigurationIsVisible = 0;
			defaultConfigurationName = Release;
		};
		27E2C83B1F63D35300DE6CEC /* Build configuration list for PBXNativeTarget "AskSeanUITests" */ = {
			isa = XCConfigurationList;
			buildConfigurations = (
				27E2C83C1F63D35300DE6CEC /* Debug */,
				27E2C83D1F63D35300DE6CEC /* Release */,
			);
			defaultConfigurationIsVisible = 0;
			defaultConfigurationName = Release;
		};
/* End XCConfigurationList section */

/* Begin XCVersionGroup section */
		27E2C8141F63D35300DE6CEC /* AskSean.xcdatamodeld */ = {
			isa = XCVersionGroup;
			children = (
				27E2C8151F63D35300DE6CEC /* AskSean.xcdatamodel */,
			);
			currentVersion = 27E2C8151F63D35300DE6CEC /* AskSean.xcdatamodel */;
			path = AskSean.xcdatamodeld;
			sourceTree = "<group>";
			versionGroupType = wrapper.xcdatamodel;
		};
/* End XCVersionGroup section */
	};
	rootObject = 27E2C8021F63D35300DE6CEC /* Project object */;
}
